
Microsoft Visual Studio Solution File, Format Version 12.00
# Visual Studio 15
VisualStudioVersion = 15.0.28307.645
MinimumVisualStudioVersion = 10.0.40219.1
Project("{FAE04EC0-301F-11D3-BF4B-00C04F79EFBC}") = "SearchPhotoDuplicatesMVVM", "SearchPhotoDuplicatesMVVM\SearchPhotoDuplicatesMVVM.csproj", "{7B306DFD-E986-4899-BA50-EFED80993A5D}"
EndProject
Project("{FAE04EC0-301F-11D3-BF4B-00C04F79EFBC}") = "UnitTestProject", "UnitTestProject\UnitTestProject.csproj", "{6D70F545-D36B-4744-A7AC-BA1E8181DCBB}"
EndProject
Global
	GlobalSection(SolutionConfigurationPlatforms) = preSolution
		Debug|Any CPU = Debug|Any CPU
		Release|Any CPU = Release|Any CPU
	EndGlobalSection
	GlobalSection(ProjectConfigurationPlatforms) = postSolution
		{7B306DFD-E986-4899-BA50-EFED80993A5D}.Debug|Any CPU.ActiveCfg = Debug|Any CPU
		{7B306DFD-E986-4899-BA50-EFED80993A5D}.Debug|Any CPU.Build.0 = Debug|Any CPU
		{7B306DFD-E986-4899-BA50-EFED80993A5D}.Release|Any CPU.ActiveCfg = Release|Any CPU
		{7B306DFD-E986-4899-BA50-EFED80993A5D}.Release|Any CPU.Build.0 = Release|Any CPU
		{6D70F545-D36B-4744-A7AC-BA1E8181DCBB}.Debug|Any CPU.ActiveCfg = Debug|Any CPU
		{6D70F545-D36B-4744-A7AC-BA1E8181DCBB}.Debug|Any CPU.Build.0 = Debug|Any CPU
		{6D70F545-D36B-4744-A7AC-BA1E8181DCBB}.Release|Any CPU.ActiveCfg = Release|Any CPU
		{6D70F545-D36B-4744-A7AC-BA1E8181DCBB}.Release|Any CPU.Build.0 = Release|Any CPU
	EndGlobalSection
	GlobalSection(SolutionProperties) = preSolution
		HideSolutionNode = FALSE
	EndGlobalSection
	GlobalSection(ExtensibilityGlobals) = postSolution
		SolutionGuid = {155DD01F-5B64-4DC5-89CF-ADA5428178C9}
	EndGlobalSection
EndGlobal
